{
    "version": 3,
    "terraform_version": "0.11.13",
    "serial": 2,
    "lineage": "cd1fcacd-59c5-b310-08a3-d47800018634",
    "modules": [
        {
            "path": [
                "root"
            ],
            "outputs": {},
            "resources": {},
            "depends_on": []
        },
        {
            "path": [
                "root",
                "create_vpc"
            ],
            "outputs": {
                "subnet_id": {
                    "sensitive": false,
                    "type": "string",
                    "value": "subnet-0d0e0115eef9dc981"
                },
                "vpc_id": {
                    "sensitive": false,
                    "type": "string",
                    "value": "vpc-02fd2e30970a4b24a"
                }
            },
            "resources": {
                "aws_internet_gateway.default": {
                    "type": "aws_internet_gateway",
                    "depends_on": [
                        "aws_vpc.default"
                    ],
                    "primary": {
                        "id": "igw-08dc2d8c1466d9ceb",
                        "attributes": {
                            "id": "igw-08dc2d8c1466d9ceb",
                            "owner_id": "681841558521",
                            "tags.%": "0",
                            "vpc_id": "vpc-02fd2e30970a4b24a"
                        },
                        "meta": {},
                        "tainted": false
                    },
                    "deposed": [],
                    "provider": "provider.aws"
                },
                "aws_route_table.default": {
                    "type": "aws_route_table",
                    "depends_on": [
                        "aws_internet_gateway.default",
                        "aws_vpc.default"
                    ],
                    "primary": {
                        "id": "rtb-00216e64ca36dd3b3",
                        "attributes": {
                            "id": "rtb-00216e64ca36dd3b3",
                            "owner_id": "681841558521",
                            "propagating_vgws.#": "0",
                            "route.#": "1",
                            "route.4123229676.cidr_block": "0.0.0.0/0",
                            "route.4123229676.egress_only_gateway_id": "",
                            "route.4123229676.gateway_id": "igw-08dc2d8c1466d9ceb",
                            "route.4123229676.instance_id": "",
                            "route.4123229676.ipv6_cidr_block": "",
                            "route.4123229676.nat_gateway_id": "",
                            "route.4123229676.network_interface_id": "",
                            "route.4123229676.transit_gateway_id": "",
                            "route.4123229676.vpc_peering_connection_id": "",
                            "tags.%": "0",
                            "vpc_id": "vpc-02fd2e30970a4b24a"
                        },
                        "meta": {},
                        "tainted": false
                    },
                    "deposed": [],
                    "provider": "provider.aws"
                },
                "aws_route_table_association.default": {
                    "type": "aws_route_table_association",
                    "depends_on": [
                        "aws_route_table.default",
                        "aws_subnet.default"
                    ],
                    "primary": {
                        "id": "rtbassoc-0449d753a8886d400",
                        "attributes": {
                            "id": "rtbassoc-0449d753a8886d400",
                            "route_table_id": "rtb-00216e64ca36dd3b3",
                            "subnet_id": "subnet-0d0e0115eef9dc981"
                        },
                        "meta": {},
                        "tainted": false
                    },
                    "deposed": [],
                    "provider": "provider.aws"
                },
                "aws_subnet.default": {
                    "type": "aws_subnet",
                    "depends_on": [
                        "aws_vpc.default"
                    ],
                    "primary": {
                        "id": "subnet-0d0e0115eef9dc981",
                        "attributes": {
                            "arn": "arn:aws:ec2:us-east-2:681841558521:subnet/subnet-0d0e0115eef9dc981",
                            "assign_ipv6_address_on_creation": "false",
                            "availability_zone": "us-east-2a",
                            "availability_zone_id": "use2-az1",
                            "cidr_block": "10.0.0.0/24",
                            "id": "subnet-0d0e0115eef9dc981",
                            "ipv6_cidr_block": "",
                            "ipv6_cidr_block_association_id": "",
                            "map_public_ip_on_launch": "false",
                            "owner_id": "681841558521",
                            "tags.%": "0",
                            "vpc_id": "vpc-02fd2e30970a4b24a"
                        },
                        "meta": {
                            "e2bfb730-ecaa-11e6-8f88-34363bc7c4c0": {
                                "create": 600000000000,
                                "delete": 1200000000000
                            },
                            "schema_version": "1"
                        },
                        "tainted": false
                    },
                    "deposed": [],
                    "provider": "provider.aws"
                },
                "aws_vpc.default": {
                    "type": "aws_vpc",
                    "depends_on": [],
                    "primary": {
                        "id": "vpc-02fd2e30970a4b24a",
                        "attributes": {
                            "arn": "arn:aws:ec2:us-east-2:681841558521:vpc/vpc-02fd2e30970a4b24a",
                            "assign_generated_ipv6_cidr_block": "false",
                            "cidr_block": "10.0.0.0/16",
                            "default_network_acl_id": "acl-087c1d542523d0874",
                            "default_route_table_id": "rtb-012203a1bedb9790a",
                            "default_security_group_id": "sg-0d792a8714d687df5",
                            "dhcp_options_id": "dopt-bbe737d0",
                            "enable_dns_hostnames": "true",
                            "enable_dns_support": "true",
                            "id": "vpc-02fd2e30970a4b24a",
                            "instance_tenancy": "default",
                            "ipv6_association_id": "",
                            "ipv6_cidr_block": "",
                            "main_route_table_id": "rtb-012203a1bedb9790a",
                            "owner_id": "681841558521",
                            "tags.%": "0"
                        },
                        "meta": {
                            "schema_version": "1"
                        },
                        "tainted": false
                    },
                    "deposed": [],
                    "provider": "provider.aws"
                }
            },
            "depends_on": []
        },
        {
            "path": [
                "root",
                "http_c2"
            ],
            "outputs": {
                "ips": {
                    "sensitive": false,
                    "type": "list",
                    "value": [
                        "3.17.79.186"
                    ]
                },
                "ssh_user": {
                    "sensitive": false,
                    "type": "string",
                    "value": "admin"
                }
            },
            "resources": {
                "aws_instance.http-c2": {
                    "type": "aws_instance",
                    "depends_on": [
                        "aws_key_pair.http-c2.*",
                        "aws_security_group.http-c2",
                        "data.aws_region.current",
                        "random_id.server.*",
                        "tls_private_key.ssh.*"
                    ],
                    "primary": {
                        "id": "i-0ba2fdace3ceba5c0",
                        "attributes": {
                            "ami": "ami-dab895bf",
                            "arn": "arn:aws:ec2:us-east-2:681841558521:instance/i-0ba2fdace3ceba5c0",
                            "associate_public_ip_address": "true",
                            "availability_zone": "us-east-2a",
                            "cpu_core_count": "2",
                            "cpu_threads_per_core": "1",
                            "credit_specification.#": "1",
                            "credit_specification.0.cpu_credits": "standard",
                            "disable_api_termination": "false",
                            "ebs_block_device.#": "0",
                            "ebs_optimized": "false",
                            "ephemeral_block_device.#": "0",
                            "get_password_data": "false",
                            "iam_instance_profile": "",
                            "id": "i-0ba2fdace3ceba5c0",
                            "instance_state": "running",
                            "instance_type": "t2.medium",
                            "ipv6_address_count": "0",
                            "ipv6_addresses.#": "0",
                            "key_name": "http-c2-key-0",
                            "monitoring": "false",
                            "network_interface.#": "0",
                            "password_data": "",
                            "placement_group": "",
                            "primary_network_interface_id": "eni-0806036f3903ea6bb",
                            "private_dns": "ip-10-0-0-172.us-east-2.compute.internal",
                            "private_ip": "10.0.0.172",
                            "public_dns": "ec2-3-17-79-186.us-east-2.compute.amazonaws.com",
                            "public_ip": "3.17.79.186",
                            "root_block_device.#": "1",
                            "root_block_device.0.delete_on_termination": "true",
                            "root_block_device.0.encrypted": "false",
                            "root_block_device.0.iops": "100",
                            "root_block_device.0.kms_key_id": "",
                            "root_block_device.0.volume_id": "vol-0da504eed94186bb6",
                            "root_block_device.0.volume_size": "8",
                            "root_block_device.0.volume_type": "gp2",
                            "security_groups.#": "0",
                            "source_dest_check": "true",
                            "subnet_id": "subnet-0d0e0115eef9dc981",
                            "tags.%": "1",
                            "tags.Name": "http-c2-30f33483",
                            "tenancy": "default",
                            "volume_tags.%": "0",
                            "vpc_security_group_ids.#": "1",
                            "vpc_security_group_ids.1801483550": "sg-0ff1df16bcc9b751c"
                        },
                        "meta": {
                            "e2bfb730-ecaa-11e6-8f88-34363bc7c4c0": {
                                "create": 600000000000,
                                "delete": 1200000000000,
                                "update": 600000000000
                            },
                            "schema_version": "1"
                        },
                        "tainted": false
                    },
                    "deposed": [],
                    "provider": "provider.aws"
                },
                "aws_key_pair.http-c2": {
                    "type": "aws_key_pair",
                    "depends_on": [
                        "tls_private_key.ssh.*"
                    ],
                    "primary": {
                        "id": "http-c2-key-0",
                        "attributes": {
                            "fingerprint": "e4:a3:f8:29:7b:8d:69:11:0e:8a:77:50:91:14:65:dd",
                            "id": "http-c2-key-0",
                            "key_name": "http-c2-key-0",
                            "public_key": "ssh-rsa AAAAB3NzaC1yc2EAAAADAQABAAACAQCskSz4y51T7w1+8ub9mUT2QKAKQ2or3a/xVv36dNMlpP9d7OTsmhWhU24KVYOp7fTBmcWnaIkzJBk6m6gGKj0JGO53+bwMZoQw4dFtd8wON2PoFflFbG6DnWfCxi7RUgrJVgxho6XCnYrnDTGmpfrB5IUDad88taYlf97z8fmLUoPwl8LMpvxPyHf7KCDfNgmLBVblKhwMPLSO+ZxpTthR+Bu1dwq6J92gLovoGGXzLl6BB+k7oh7utXCkLqdLdJGHupM7fLRdFbZnTgaU9T9Unjv6o8bXMogQiOolJz4agaVc7d3dmg5Ogy2smIJBHb+RxB0Z7sYZUFcZ87rBCWQeBGHZY68XIV/nEokK75QEGDYbCAy/PSlG06mWM74XpuDnKjBzVOKONjFE8BxFPOX39Z09hBVkxBO7QyOTVYDuQA1AViTaTvE+FtZ8FXmnMIRM9McQfroqJfnPQwfKl5+0TNx8tHj4RAomr/WzGrriAUE4mv6oJSYcluUfqGDhOWNvC10sZeoWLCeMvgcCj/LR42pMErcQr7sGHiWjPELg79dzj2zLl0EclPvC3Lqef8m0CQDZ0LfLHXGNnk3zXZz29knI/JJ060cDZwxpTnAJf1SfuO/D/bx6v/ceeE/w7m/WUVlW7YRL7MTS7eTA3jogukXGJ738xPUaCRvBgO4kuQ=="
                        },
                        "meta": {
                            "schema_version": "1"
                        },
                        "tainted": false
                    },
                    "deposed": [],
                    "provider": "provider.aws"
                },
                "aws_security_group.http-c2": {
                    "type": "aws_security_group",
                    "depends_on": [
                        "data.external.get_public_ip"
                    ],
                    "primary": {
                        "id": "sg-0ff1df16bcc9b751c",
                        "attributes": {
                            "arn": "arn:aws:ec2:us-east-2:681841558521:security-group/sg-0ff1df16bcc9b751c",
                            "description": "Security group created by Red Baron",
                            "egress.#": "3",
                            "egress.2214680975.cidr_blocks.#": "1",
                            "egress.2214680975.cidr_blocks.0": "0.0.0.0/0",
                            "egress.2214680975.description": "",
                            "egress.2214680975.from_port": "80",
                            "egress.2214680975.ipv6_cidr_blocks.#": "0",
                            "egress.2214680975.prefix_list_ids.#": "0",
                            "egress.2214680975.protocol": "tcp",
                            "egress.2214680975.security_groups.#": "0",
                            "egress.2214680975.self": "false",
                            "egress.2214680975.to_port": "80",
                            "egress.2617001939.cidr_blocks.#": "1",
                            "egress.2617001939.cidr_blocks.0": "0.0.0.0/0",
                            "egress.2617001939.description": "",
                            "egress.2617001939.from_port": "443",
                            "egress.2617001939.ipv6_cidr_blocks.#": "0",
                            "egress.2617001939.prefix_list_ids.#": "0",
                            "egress.2617001939.protocol": "tcp",
                            "egress.2617001939.security_groups.#": "0",
                            "egress.2617001939.self": "false",
                            "egress.2617001939.to_port": "443",
                            "egress.2767972101.cidr_blocks.#": "1",
                            "egress.2767972101.cidr_blocks.0": "0.0.0.0/0",
                            "egress.2767972101.description": "",
                            "egress.2767972101.from_port": "53",
                            "egress.2767972101.ipv6_cidr_blocks.#": "0",
                            "egress.2767972101.prefix_list_ids.#": "0",
                            "egress.2767972101.protocol": "udp",
                            "egress.2767972101.security_groups.#": "0",
                            "egress.2767972101.self": "false",
                            "egress.2767972101.to_port": "53",
                            "id": "sg-0ff1df16bcc9b751c",
                            "ingress.#": "4",
                            "ingress.2214680975.cidr_blocks.#": "1",
                            "ingress.2214680975.cidr_blocks.0": "0.0.0.0/0",
                            "ingress.2214680975.description": "",
                            "ingress.2214680975.from_port": "80",
                            "ingress.2214680975.ipv6_cidr_blocks.#": "0",
                            "ingress.2214680975.prefix_list_ids.#": "0",
                            "ingress.2214680975.protocol": "tcp",
                            "ingress.2214680975.security_groups.#": "0",
                            "ingress.2214680975.self": "false",
                            "ingress.2214680975.to_port": "80",
                            "ingress.2368928682.cidr_blocks.#": "1",
                            "ingress.2368928682.cidr_blocks.0": "0.0.0.0/0",
                            "ingress.2368928682.description": "",
                            "ingress.2368928682.from_port": "60000",
                            "ingress.2368928682.ipv6_cidr_blocks.#": "0",
                            "ingress.2368928682.prefix_list_ids.#": "0",
                            "ingress.2368928682.protocol": "udp",
                            "ingress.2368928682.security_groups.#": "0",
                            "ingress.2368928682.self": "false",
                            "ingress.2368928682.to_port": "61000",
                            "ingress.2617001939.cidr_blocks.#": "1",
                            "ingress.2617001939.cidr_blocks.0": "0.0.0.0/0",
                            "ingress.2617001939.description": "",
                            "ingress.2617001939.from_port": "443",
                            "ingress.2617001939.ipv6_cidr_blocks.#": "0",
                            "ingress.2617001939.prefix_list_ids.#": "0",
                            "ingress.2617001939.protocol": "tcp",
                            "ingress.2617001939.security_groups.#": "0",
                            "ingress.2617001939.self": "false",
                            "ingress.2617001939.to_port": "443",
                            "ingress.2805647439.cidr_blocks.#": "1",
                            "ingress.2805647439.cidr_blocks.0": "24.242.163.11/32",
                            "ingress.2805647439.description": "",
                            "ingress.2805647439.from_port": "22",
                            "ingress.2805647439.ipv6_cidr_blocks.#": "0",
                            "ingress.2805647439.prefix_list_ids.#": "0",
                            "ingress.2805647439.protocol": "tcp",
                            "ingress.2805647439.security_groups.#": "0",
                            "ingress.2805647439.self": "false",
                            "ingress.2805647439.to_port": "22",
                            "name": "http-c2",
                            "owner_id": "681841558521",
                            "revoke_rules_on_delete": "false",
                            "tags.%": "0",
                            "vpc_id": "vpc-02fd2e30970a4b24a"
                        },
                        "meta": {
                            "e2bfb730-ecaa-11e6-8f88-34363bc7c4c0": {
                                "create": 600000000000,
                                "delete": 600000000000
                            },
                            "schema_version": "1"
                        },
                        "tainted": false
                    },
                    "deposed": [],
                    "provider": "provider.aws"
                },
                "data.aws_region.current": {
                    "type": "aws_region",
                    "depends_on": [],
                    "primary": {
                        "id": "us-east-2",
                        "attributes": {
                            "description": "US East (Ohio)",
                            "endpoint": "ec2.us-east-2.amazonaws.com",
                            "id": "us-east-2",
                            "name": "us-east-2"
                        },
                        "meta": {},
                        "tainted": false
                    },
                    "deposed": [],
                    "provider": "provider.aws"
                },
                "data.external.get_public_ip": {
                    "type": "external",
                    "depends_on": [],
                    "primary": {
                        "id": "-",
                        "attributes": {
                            "id": "-",
                            "program.#": "2",
                            "program.0": "bash",
                            "program.1": "./data/scripts/get_public_ip.sh",
                            "result.%": "1",
                            "result.ip": "24.242.163.11"
                        },
                        "meta": {},
                        "tainted": false
                    },
                    "deposed": [],
                    "provider": "provider.external"
                },
                "data.template_file.ssh_config": {
                    "type": "template_file",
                    "depends_on": [
                        "aws_instance.http-c2",
                        "aws_instance.http-c2.*"
                    ],
                    "primary": {
                        "id": "204f1a612e6fb69f95452bdf2633f3aa33afa086ec739649ac5dad23cc817a71",
                        "attributes": {
                            "id": "204f1a612e6fb69f95452bdf2633f3aa33afa086ec739649ac5dad23cc817a71",
                            "rendered": "Host dns_rdir_3.17.79.186\n    HostName 3.17.79.186\n    User admin\n    IdentityFile /home/defuser/Downloads/c2test2-master/old_terraform_project/data/ssh_keys/3.17.79.186",
                            "template": "Host ${name}\n    HostName ${hostname}\n    User ${user}\n    IdentityFile ${identityfile}",
                            "vars.%": "4",
                            "vars.hostname": "3.17.79.186",
                            "vars.identityfile": "/home/defuser/Downloads/c2test2-master/old_terraform_project/data/ssh_keys/3.17.79.186",
                            "vars.name": "dns_rdir_3.17.79.186",
                            "vars.user": "admin"
                        },
                        "meta": {},
                        "tainted": false
                    },
                    "deposed": [],
                    "provider": "provider.template"
                },
                "null_resource.gen_ssh_config": {
                    "type": "null_resource",
                    "depends_on": [
                        "data.template_file.ssh_config.*",
                        "random_id.server.*"
                    ],
                    "primary": {
                        "id": "2247629994168297385",
                        "attributes": {
                            "id": "2247629994168297385",
                            "triggers.%": "1",
                            "triggers.template_rendered": "Host dns_rdir_3.17.79.186\n    HostName 3.17.79.186\n    User admin\n    IdentityFile /home/defuser/Downloads/c2test2-master/old_terraform_project/data/ssh_keys/3.17.79.186"
                        },
                        "meta": {},
                        "tainted": false
                    },
                    "deposed": [],
                    "provider": "provider.null"
                },
                "random_id.server": {
                    "type": "random_id",
                    "depends_on": [],
                    "primary": {
                        "id": "MPM0gw",
                        "attributes": {
                            "b64": "MPM0gw",
                            "b64_std": "MPM0gw==",
                            "b64_url": "MPM0gw",
                            "byte_length": "4",
                            "dec": "821245059",
                            "hex": "30f33483",
                            "id": "MPM0gw"
                        },
                        "meta": {},
                        "tainted": false
                    },
                    "deposed": [],
                    "provider": "provider.random"
                },
                "tls_private_key.ssh": {
                    "type": "tls_private_key",
                    "depends_on": [],
                    "primary": {
                        "id": "7978df3342d07d6d99d9f83aa613b10283d9debc",
                        "attributes": {
                            "algorithm": "RSA",
                            "ecdsa_curve": "P224",
                            "id": "7978df3342d07d6d99d9f83aa613b10283d9debc",
                            "private_key_pem": "-----BEGIN RSA PRIVATE KEY-----\nMIIJKAIBAAKCAgEArJEs+MudU+8NfvLm/ZlE9kCgCkNqK92v8Vb9+nTTJaT/Xezk\n7JoVoVNuClWDqe30wZnFp2iJMyQZOpuoBio9CRjud/m8DGaEMOHRbXfMDjdj6BX5\nRWxug51nwsYu0VIKyVYMYaOlwp2K5w0xpqX6weSFA2nfPLWmJX/e8/H5i1KD8JfC\nzKb8T8h3+ygg3zYJiwVW5SocDDy0jvmcaU7YUfgbtXcKuifdoC6L6Bhl8y5egQfp\nO6Ie7rVwpC6nS3SRh7qTO3y0XRW2Z04GlPU/VJ47+qPG1zKIEIjqJSc+GoGlXO3d\n3ZoOToMtrJiCQR2/kcQdGe7GGVBXGfO6wQlkHgRh2WOvFyFf5xKJCu+UBBg2GwgM\nvz0pRtOpljO+F6bg5yowc1TijjYxRPAcRTzl9/WdPYQVZMQTu0Mjk1WA7kANQFYk\n2k7xPhbWfBV5pzCETPTHEH66KiX5z0MHypeftEzcfLR4+EQKJq/1sxq64gFBOJr+\nqCUmHJblH6hg4TljbwtdLGXqFiwnjL4HAo/y0eNqTBK3EK+7Bh4lozxC4O/Xc49s\ny5dBHJT7wty6nn/JtAkA2dC3yx1xjZ5N812c9vZJyPySdOtHA2cMaU5wCX9Un7jv\nw/28er/3HnhP8O5v1lFZVu2ES+zE0u3kwN46ILpFxie9/MT1GgkbwYDuJLkCAwEA\nAQKCAgBs6J6aUl7zhu5cjU5NBLsqMvUOJSfPkXSl+sIFnE9Z9b0Y+RYtYL1/+Fh9\neyTCTSRoPvUoR2g3d3PYsj4jzeqBYFO4MkuFA/ovo4T58l49JqYN5jhQoTNKK0A+\nA7eucXnPQVhFEvPdVHJCiegpBZ2xWti7o8i41ueJyR7blH5qeGQ+pnjRkh2w+JMI\nVnYQiVkSfQcvUBkte+50QYJ+T71kVhKevwdtHxXXLykrDKLjDAOmqWiAMzwUaTwy\n0iLREzt5jr23EGgAS2C3591tiy4x6D9wWoZ2cDTBQreLRS4DqojDknewkLawxEdC\nI2opUG4Dv+Kh6Djr5vFhtpnJlHSzFq1rkR+6LNrwFuU7pfykjzeQcwlJHLYFui23\ndaL6Z2SgrNmL4kY1t+6SWmA/Rc81tluyZI4x59Y9+HxrG8gsGmzKNJTcqml9dfXL\n4T9jWVxvALL0i3BccWH/OyJQc2DyllTH7+LPgGnTz4ds2yPTa7nFHVWSTYKyzIEj\nj6PLYepphQr3azJR4GrPFao0YDmtOFhpBetjBFxNA0oG6eloboViZ5a+xxdfjXrW\nZmRTMqguBYeQvTVWAX3w4mrD1ZX8Gq49dvq/h0tD99NNauN+xmAc0VPWP4iUKdAt\n4tE/AXIBHn1PKj3by3dABKMobnCh88gv2YwgAmd5320YormttQKCAQEAwA+6NlPX\nBs1+cF4kHKdPYPAjCSTY9+8f1Dgww5rXbCmwhwFqsMLirIGJ8Z5AardFbFAxr7Wd\nvM9QYZpCwFv3k7rfz66HZXTGtE2Ds+arQL+v+5OqUIugMTAdiXSdHZkBamm3u3KO\nPcWQ+dtx+RIcIqH+02GxUIH4xaYRDa9wVPUD0kqvZcHsNzOMKV6G+MeaNnU8L5fn\nM2auyB5hARgXSde4W0BhP4cDKpEKsYTdJuJMbEVS3RWfCpvr9nDc2l61wUKYfjR2\nXaSDMxqUIaLw56jZ/loYkxg74yZJbDhkj4az6sCEoOhxdg0bW45afxZ1XfWFsd54\nSInIX9FkwiyhnwKCAQEA5gQPOtqNX/qtAK8anyeWqs6dQvKYB7jiRo51LoPRWAdM\nN4lFT46qK0o/R9U/kHdtBppaeg+VrILWvtYPShCufRQmq6qSxDZvG1yJmMHaUTpN\nbrzjmzPbN+8a+yq3JkZc+uZ/TPk43ekz+nm3qUoogCVNNSe6CawHjJGt0/4Q0OLu\nhBdLapEXqZ+zD8g9iGm3ILH8NYM21OKwYR6ZA14e2JYKm5wjWekvLbVx4WcsjELi\n2e4DMWppFWdHOe34mNuSn+kp6bVtzrx4TGjiabfDZWa9oWCZGyPGISz1ClCXSm+i\nAsixRn5XkXSiIEQCv9xb2uklD8RDGqLPvXZB1a+KpwKCAQBQywzpZ7Fv0igbOu70\nAsnYnIwQf6ip+7SnAJA66LswbAUvdcAc5Y6XRNLzij/M5JXWr5GHOd5GG+vTcyIb\na1Sll5oo8mFQo6QnGuiJWEK4NSrhqMefpGzZ5ES4mw6w8blvu1MoDlOZ1q9a/B5g\nyWZ+hyj8YP9HP7WX53kLCb82be+SmgpYwxAMVKnkiTg8FTNhL0YHO15t+AcUdfsW\ni7zYOl/6OwXtxGznjiYycRLbFZ1SeoMWL888lkTX4bh2QBszVkFx7b3RPLBYYhjo\nYXP378bsQZhO4IXo0yVV2g8rdV3gJeZlDgMUxwS4KhUVmyv6P5tjLJPq59Mbw6kg\nKcg/AoIBAGE4DgfeICsVFNJZMHNclD4VnjqRtthsuJcB112VsYH3c6t1haoerqYl\nd6Gw7HDvSVGlI+C7fZOwqXt3lnbDnjyXq9CbA/WS3FtAPZgnN1NlxRytEbajsGBv\n24OVhlvTGbGiguPR4stIqgOQNqSDB6NCIOP6qpMz9uzfFg2oMQtZH18NSX79XHcB\nXPmqtPdXV2OmVud3UlGgjtQ9zoax3W/F2y3yTK7P9HTpX/zZUublzmQ2SXs1crzt\nLhm6D3zsMYkNT/3MBWGAH4iMPEZauWe+iSAQaCYkdLXI/rkhXxDDJkLu+J7G/9Qm\n6++fT1owlVJtgJCtb39umUeHGERtMbkCggEBAKC8mR3SyQiwKrDRsZu8Ks4W4lkM\nabxqjC9nBsGtEskeicGsB+2u/wkyhTGdNJwewYIpZo1MotVnjJx1xqLrLqTTbM0Z\nyhjeBsTEKr68IG7PzK2LuBNPRSxdGF/qdzIberL7q0pLTabu0l8S8HGvbfusp8lb\nB/1I/wcUa+ZXxRMeoy8mrYBtiuY0AySG/QVUAuQ1jUUf7UqJUA1zp4OMocYZaoPD\nliW2pPmvn37n9VMQIiRthMYICpxIABJ66jc2rPq4NcusR2/V0DBSRdoQXf2Jy59B\ns0V6QZ0tWtcGSACL9evGx84nt/gDDi0KHsMmnJAglge8I4LxHDVjfKrpTqM=\n-----END RSA PRIVATE KEY-----\n",
                            "public_key_fingerprint_md5": "1c:aa:aa:08:84:6f:f1:67:58:10:94:3b:6e:9f:36:be",
                            "public_key_openssh": "ssh-rsa AAAAB3NzaC1yc2EAAAADAQABAAACAQCskSz4y51T7w1+8ub9mUT2QKAKQ2or3a/xVv36dNMlpP9d7OTsmhWhU24KVYOp7fTBmcWnaIkzJBk6m6gGKj0JGO53+bwMZoQw4dFtd8wON2PoFflFbG6DnWfCxi7RUgrJVgxho6XCnYrnDTGmpfrB5IUDad88taYlf97z8fmLUoPwl8LMpvxPyHf7KCDfNgmLBVblKhwMPLSO+ZxpTthR+Bu1dwq6J92gLovoGGXzLl6BB+k7oh7utXCkLqdLdJGHupM7fLRdFbZnTgaU9T9Unjv6o8bXMogQiOolJz4agaVc7d3dmg5Ogy2smIJBHb+RxB0Z7sYZUFcZ87rBCWQeBGHZY68XIV/nEokK75QEGDYbCAy/PSlG06mWM74XpuDnKjBzVOKONjFE8BxFPOX39Z09hBVkxBO7QyOTVYDuQA1AViTaTvE+FtZ8FXmnMIRM9McQfroqJfnPQwfKl5+0TNx8tHj4RAomr/WzGrriAUE4mv6oJSYcluUfqGDhOWNvC10sZeoWLCeMvgcCj/LR42pMErcQr7sGHiWjPELg79dzj2zLl0EclPvC3Lqef8m0CQDZ0LfLHXGNnk3zXZz29knI/JJ060cDZwxpTnAJf1SfuO/D/bx6v/ceeE/w7m/WUVlW7YRL7MTS7eTA3jogukXGJ738xPUaCRvBgO4kuQ==\n",
                            "public_key_pem": "-----BEGIN PUBLIC KEY-----\nMIICIjANBgkqhkiG9w0BAQEFAAOCAg8AMIICCgKCAgEArJEs+MudU+8NfvLm/ZlE\n9kCgCkNqK92v8Vb9+nTTJaT/Xezk7JoVoVNuClWDqe30wZnFp2iJMyQZOpuoBio9\nCRjud/m8DGaEMOHRbXfMDjdj6BX5RWxug51nwsYu0VIKyVYMYaOlwp2K5w0xpqX6\nweSFA2nfPLWmJX/e8/H5i1KD8JfCzKb8T8h3+ygg3zYJiwVW5SocDDy0jvmcaU7Y\nUfgbtXcKuifdoC6L6Bhl8y5egQfpO6Ie7rVwpC6nS3SRh7qTO3y0XRW2Z04GlPU/\nVJ47+qPG1zKIEIjqJSc+GoGlXO3d3ZoOToMtrJiCQR2/kcQdGe7GGVBXGfO6wQlk\nHgRh2WOvFyFf5xKJCu+UBBg2GwgMvz0pRtOpljO+F6bg5yowc1TijjYxRPAcRTzl\n9/WdPYQVZMQTu0Mjk1WA7kANQFYk2k7xPhbWfBV5pzCETPTHEH66KiX5z0MHypef\ntEzcfLR4+EQKJq/1sxq64gFBOJr+qCUmHJblH6hg4TljbwtdLGXqFiwnjL4HAo/y\n0eNqTBK3EK+7Bh4lozxC4O/Xc49sy5dBHJT7wty6nn/JtAkA2dC3yx1xjZ5N812c\n9vZJyPySdOtHA2cMaU5wCX9Un7jvw/28er/3HnhP8O5v1lFZVu2ES+zE0u3kwN46\nILpFxie9/MT1GgkbwYDuJLkCAwEAAQ==\n-----END PUBLIC KEY-----\n",
                            "rsa_bits": "4096"
                        },
                        "meta": {},
                        "tainted": false
                    },
                    "deposed": [],
                    "provider": "provider.tls"
                }
            },
            "depends_on": []
        },
        {
            "path": [
                "root",
                "http_rdir"
            ],
            "outputs": {
                "ips": {
                    "sensitive": false,
                    "type": "list",
                    "value": [
                        "13.59.247.238"
                    ]
                },
                "ssh_user": {
                    "sensitive": false,
                    "type": "string",
                    "value": "admin"
                }
            },
            "resources": {
                "aws_instance.http-rdir": {
                    "type": "aws_instance",
                    "depends_on": [
                        "aws_key_pair.http-rdir.*",
                        "aws_security_group.http-rdir",
                        "data.aws_region.current",
                        "random_id.server.*",
                        "tls_private_key.ssh.*"
                    ],
                    "primary": {
                        "id": "i-00b953c8d40a98400",
                        "attributes": {
                            "ami": "ami-dab895bf",
                            "arn": "arn:aws:ec2:us-east-2:681841558521:instance/i-00b953c8d40a98400",
                            "associate_public_ip_address": "true",
                            "availability_zone": "us-east-2a",
                            "cpu_core_count": "2",
                            "cpu_threads_per_core": "1",
                            "credit_specification.#": "1",
                            "credit_specification.0.cpu_credits": "standard",
                            "disable_api_termination": "false",
                            "ebs_block_device.#": "0",
                            "ebs_optimized": "false",
                            "ephemeral_block_device.#": "0",
                            "get_password_data": "false",
                            "iam_instance_profile": "",
                            "id": "i-00b953c8d40a98400",
                            "instance_state": "running",
                            "instance_type": "t2.medium",
                            "ipv6_address_count": "0",
                            "ipv6_addresses.#": "0",
                            "key_name": "http-rdir-key-0",
                            "monitoring": "false",
                            "network_interface.#": "0",
                            "password_data": "",
                            "placement_group": "",
                            "primary_network_interface_id": "eni-01df3435eaffe4483",
                            "private_dns": "ip-10-0-0-119.us-east-2.compute.internal",
                            "private_ip": "10.0.0.119",
                            "public_dns": "ec2-13-59-247-238.us-east-2.compute.amazonaws.com",
                            "public_ip": "13.59.247.238",
                            "root_block_device.#": "1",
                            "root_block_device.0.delete_on_termination": "true",
                            "root_block_device.0.encrypted": "false",
                            "root_block_device.0.iops": "100",
                            "root_block_device.0.kms_key_id": "",
                            "root_block_device.0.volume_id": "vol-06188742bd2a82e84",
                            "root_block_device.0.volume_size": "8",
                            "root_block_device.0.volume_type": "gp2",
                            "security_groups.#": "0",
                            "source_dest_check": "true",
                            "subnet_id": "subnet-0d0e0115eef9dc981",
                            "tags.%": "1",
                            "tags.Name": "http-rdir-e7a30bd4",
                            "tenancy": "default",
                            "volume_tags.%": "0",
                            "vpc_security_group_ids.#": "1",
                            "vpc_security_group_ids.978742785": "sg-091229c970763e1f6"
                        },
                        "meta": {
                            "e2bfb730-ecaa-11e6-8f88-34363bc7c4c0": {
                                "create": 600000000000,
                                "delete": 1200000000000,
                                "update": 600000000000
                            },
                            "schema_version": "1"
                        },
                        "tainted": false
                    },
                    "deposed": [],
                    "provider": "provider.aws"
                },
                "aws_key_pair.http-rdir": {
                    "type": "aws_key_pair",
                    "depends_on": [
                        "tls_private_key.ssh.*"
                    ],
                    "primary": {
                        "id": "http-rdir-key-0",
                        "attributes": {
                            "fingerprint": "49:b8:c2:e6:01:03:58:a1:21:dd:25:02:31:a4:1c:e6",
                            "id": "http-rdir-key-0",
                            "key_name": "http-rdir-key-0",
                            "public_key": "ssh-rsa AAAAB3NzaC1yc2EAAAADAQABAAACAQDAZHQm3kyh3gzLW11HFtTm3D4aNn7i5wU75iKpMfxPu6IWoq9c9kowP0OSe/Ul8Cr9/R8bG+wUSgXjQV8uhdoypoY9F12vy5f0PZJSHR2/P/DVxs7viwSxLPA0PktczC8rQbQ58FDSfTeKC0nturyXTu4BQ9mnTY9En+S8XaIzHO61R9Zl0E2i+Ow5pGycbKvfwo0wKl47affl52VTLBIWfwvw1KZNuFyDIdeWukio0UsFCHaeeWcbd3CI3GKqBev5+ethzjFdE+JebjQ7zxWG7IKJcFA2FePhzjId5DAfEhw5RfKoqeRVigTlVcuEbvNbYQKw1MAz8Hvd+ptuuguVhCzJiNTYMp3+hGpAlT35kg6sStc9NSU2VpQ5YOCcZnrRi2DPKcsm3C5X+MSWN0Jx0rQ95WfOlv9+qf0h9cqY6u+1LC54mg8HIYUrKhTOR6nuGf7ahnK0yMnvu0FZL+qz+kC3JN9I1o7ha4c82siffAkoduST1z4R6g6gBOViIHMbIVS7mMJMmEN6bGTmpkbSJiw0w6Oojf/0T6fORIu/99tKo+lRuLrHxPL6Wyy7gehV5GcW+d9UIGiYxuuxK3OY82hyrhTefZZHHW79CLhFeTZtmzn1FWIxMIrOHhTr6YMSSwfv4ftL2HXSg4Evgs2VjzDSzv0Q7narg81CrhxHYQ=="
                        },
                        "meta": {
                            "schema_version": "1"
                        },
                        "tainted": false
                    },
                    "deposed": [],
                    "provider": "provider.aws"
                },
                "aws_security_group.http-rdir": {
                    "type": "aws_security_group",
                    "depends_on": [
                        "data.external.get_public_ip"
                    ],
                    "primary": {
                        "id": "sg-091229c970763e1f6",
                        "attributes": {
                            "arn": "arn:aws:ec2:us-east-2:681841558521:security-group/sg-091229c970763e1f6",
                            "description": "Security group created by Red Baron",
                            "egress.#": "3",
                            "egress.2214680975.cidr_blocks.#": "1",
                            "egress.2214680975.cidr_blocks.0": "0.0.0.0/0",
                            "egress.2214680975.description": "",
                            "egress.2214680975.from_port": "80",
                            "egress.2214680975.ipv6_cidr_blocks.#": "0",
                            "egress.2214680975.prefix_list_ids.#": "0",
                            "egress.2214680975.protocol": "tcp",
                            "egress.2214680975.security_groups.#": "0",
                            "egress.2214680975.self": "false",
                            "egress.2214680975.to_port": "80",
                            "egress.2617001939.cidr_blocks.#": "1",
                            "egress.2617001939.cidr_blocks.0": "0.0.0.0/0",
                            "egress.2617001939.description": "",
                            "egress.2617001939.from_port": "443",
                            "egress.2617001939.ipv6_cidr_blocks.#": "0",
                            "egress.2617001939.prefix_list_ids.#": "0",
                            "egress.2617001939.protocol": "tcp",
                            "egress.2617001939.security_groups.#": "0",
                            "egress.2617001939.self": "false",
                            "egress.2617001939.to_port": "443",
                            "egress.2767972101.cidr_blocks.#": "1",
                            "egress.2767972101.cidr_blocks.0": "0.0.0.0/0",
                            "egress.2767972101.description": "",
                            "egress.2767972101.from_port": "53",
                            "egress.2767972101.ipv6_cidr_blocks.#": "0",
                            "egress.2767972101.prefix_list_ids.#": "0",
                            "egress.2767972101.protocol": "udp",
                            "egress.2767972101.security_groups.#": "0",
                            "egress.2767972101.self": "false",
                            "egress.2767972101.to_port": "53",
                            "id": "sg-091229c970763e1f6",
                            "ingress.#": "4",
                            "ingress.2214680975.cidr_blocks.#": "1",
                            "ingress.2214680975.cidr_blocks.0": "0.0.0.0/0",
                            "ingress.2214680975.description": "",
                            "ingress.2214680975.from_port": "80",
                            "ingress.2214680975.ipv6_cidr_blocks.#": "0",
                            "ingress.2214680975.prefix_list_ids.#": "0",
                            "ingress.2214680975.protocol": "tcp",
                            "ingress.2214680975.security_groups.#": "0",
                            "ingress.2214680975.self": "false",
                            "ingress.2214680975.to_port": "80",
                            "ingress.2368928682.cidr_blocks.#": "1",
                            "ingress.2368928682.cidr_blocks.0": "0.0.0.0/0",
                            "ingress.2368928682.description": "",
                            "ingress.2368928682.from_port": "60000",
                            "ingress.2368928682.ipv6_cidr_blocks.#": "0",
                            "ingress.2368928682.prefix_list_ids.#": "0",
                            "ingress.2368928682.protocol": "udp",
                            "ingress.2368928682.security_groups.#": "0",
                            "ingress.2368928682.self": "false",
                            "ingress.2368928682.to_port": "61000",
                            "ingress.2617001939.cidr_blocks.#": "1",
                            "ingress.2617001939.cidr_blocks.0": "0.0.0.0/0",
                            "ingress.2617001939.description": "",
                            "ingress.2617001939.from_port": "443",
                            "ingress.2617001939.ipv6_cidr_blocks.#": "0",
                            "ingress.2617001939.prefix_list_ids.#": "0",
                            "ingress.2617001939.protocol": "tcp",
                            "ingress.2617001939.security_groups.#": "0",
                            "ingress.2617001939.self": "false",
                            "ingress.2617001939.to_port": "443",
                            "ingress.2805647439.cidr_blocks.#": "1",
                            "ingress.2805647439.cidr_blocks.0": "24.242.163.11/32",
                            "ingress.2805647439.description": "",
                            "ingress.2805647439.from_port": "22",
                            "ingress.2805647439.ipv6_cidr_blocks.#": "0",
                            "ingress.2805647439.prefix_list_ids.#": "0",
                            "ingress.2805647439.protocol": "tcp",
                            "ingress.2805647439.security_groups.#": "0",
                            "ingress.2805647439.self": "false",
                            "ingress.2805647439.to_port": "22",
                            "name": "http-rdir",
                            "owner_id": "681841558521",
                            "revoke_rules_on_delete": "false",
                            "tags.%": "0",
                            "vpc_id": "vpc-02fd2e30970a4b24a"
                        },
                        "meta": {
                            "e2bfb730-ecaa-11e6-8f88-34363bc7c4c0": {
                                "create": 600000000000,
                                "delete": 600000000000
                            },
                            "schema_version": "1"
                        },
                        "tainted": false
                    },
                    "deposed": [],
                    "provider": "provider.aws"
                },
                "data.aws_region.current": {
                    "type": "aws_region",
                    "depends_on": [],
                    "primary": {
                        "id": "us-east-2",
                        "attributes": {
                            "description": "US East (Ohio)",
                            "endpoint": "ec2.us-east-2.amazonaws.com",
                            "id": "us-east-2",
                            "name": "us-east-2"
                        },
                        "meta": {},
                        "tainted": false
                    },
                    "deposed": [],
                    "provider": "provider.aws"
                },
                "data.external.get_public_ip": {
                    "type": "external",
                    "depends_on": [],
                    "primary": {
                        "id": "-",
                        "attributes": {
                            "id": "-",
                            "program.#": "2",
                            "program.0": "bash",
                            "program.1": "./data/scripts/get_public_ip.sh",
                            "result.%": "1",
                            "result.ip": "24.242.163.11"
                        },
                        "meta": {},
                        "tainted": false
                    },
                    "deposed": [],
                    "provider": "provider.external"
                },
                "data.template_file.ssh_config": {
                    "type": "template_file",
                    "depends_on": [
                        "aws_instance.http-rdir",
                        "aws_instance.http-rdir.*"
                    ],
                    "primary": {
                        "id": "35dae478f689e91c3245dfcd99f64991fb9805d87d6e5753384ff40c682f3a28",
                        "attributes": {
                            "id": "35dae478f689e91c3245dfcd99f64991fb9805d87d6e5753384ff40c682f3a28",
                            "rendered": "Host dns_rdir_13.59.247.238\n    HostName 13.59.247.238\n    User admin\n    IdentityFile /home/defuser/Downloads/c2test2-master/old_terraform_project/data/ssh_keys/13.59.247.238",
                            "template": "Host ${name}\n    HostName ${hostname}\n    User ${user}\n    IdentityFile ${identityfile}",
                            "vars.%": "4",
                            "vars.hostname": "13.59.247.238",
                            "vars.identityfile": "/home/defuser/Downloads/c2test2-master/old_terraform_project/data/ssh_keys/13.59.247.238",
                            "vars.name": "dns_rdir_13.59.247.238",
                            "vars.user": "admin"
                        },
                        "meta": {},
                        "tainted": false
                    },
                    "deposed": [],
                    "provider": "provider.template"
                },
                "null_resource.gen_ssh_config": {
                    "type": "null_resource",
                    "depends_on": [
                        "data.template_file.ssh_config.*",
                        "random_id.server.*"
                    ],
                    "primary": {
                        "id": "4086516092729789303",
                        "attributes": {
                            "id": "4086516092729789303",
                            "triggers.%": "1",
                            "triggers.template_rendered": "Host dns_rdir_13.59.247.238\n    HostName 13.59.247.238\n    User admin\n    IdentityFile /home/defuser/Downloads/c2test2-master/old_terraform_project/data/ssh_keys/13.59.247.238"
                        },
                        "meta": {},
                        "tainted": false
                    },
                    "deposed": [],
                    "provider": "provider.null"
                },
                "random_id.server": {
                    "type": "random_id",
                    "depends_on": [],
                    "primary": {
                        "id": "56ML1A",
                        "attributes": {
                            "b64": "56ML1A",
                            "b64_std": "56ML1A==",
                            "b64_url": "56ML1A",
                            "byte_length": "4",
                            "dec": "3886222292",
                            "hex": "e7a30bd4",
                            "id": "56ML1A"
                        },
                        "meta": {},
                        "tainted": false
                    },
                    "deposed": [],
                    "provider": "provider.random"
                },
                "tls_private_key.ssh": {
                    "type": "tls_private_key",
                    "depends_on": [],
                    "primary": {
                        "id": "be5943a35f3c274f99b0707a5925cec66de68c1c",
                        "attributes": {
                            "algorithm": "RSA",
                            "ecdsa_curve": "P224",
                            "id": "be5943a35f3c274f99b0707a5925cec66de68c1c",
                            "private_key_pem": "-----BEGIN RSA PRIVATE KEY-----\nMIIJJwIBAAKCAgEAwGR0Jt5Mod4My1tdRxbU5tw+GjZ+4ucFO+YiqTH8T7uiFqKv\nXPZKMD9Dknv1JfAq/f0fGxvsFEoF40FfLoXaMqaGPRddr8uX9D2SUh0dvz/w1cbO\n74sEsSzwND5LXMwvK0G0OfBQ0n03igtJ7bq8l07uAUPZp02PRJ/kvF2iMxzutUfW\nZdBNovjsOaRsnGyr38KNMCpeO2n35edlUywSFn8L8NSmTbhcgyHXlrpIqNFLBQh2\nnnlnG3dwiNxiqgXr+fnrYc4xXRPiXm40O88VhuyCiXBQNhXj4c4yHeQwHxIcOUXy\nqKnkVYoE5VXLhG7zW2ECsNTAM/B73fqbbroLlYQsyYjU2DKd/oRqQJU9+ZIOrErX\nPTUlNlaUOWDgnGZ60YtgzynLJtwuV/jEljdCcdK0PeVnzpb/fqn9IfXKmOrvtSwu\neJoPByGFKyoUzkep7hn+2oZytMjJ77tBWS/qs/pAtyTfSNaO4WuHPNrIn3wJKHbk\nk9c+EeoOoATlYiBzGyFUu5jCTJhDemxk5qZG0iYsNMOjqI3/9E+nzkSLv/fbSqPp\nUbi6x8Ty+lssu4HoVeRnFvnfVCBomMbrsStzmPNocq4U3n2WRx1u/Qi4RXk2bZs5\n9RViMTCKzh4U6+mDEksH7+H7S9h10oOBL4LNlY8w0s79EO52q4PNQq4cR2ECAwEA\nAQKCAgA/cSCoLIfinKFlcZRZu9qq4heMd0nyMrIUJXhqiLQl6r6xbiYbpo+iR0pW\nBJA7WW4j4RMf0l5P9nTokob7hWIFb8o2XP0k2iMahC866qUDiuc052EXtqTuc94l\nrCEX0bEAN6Nhs7BDKM1mtQBE514HGxz6x8//DmFfBMbdopa4+iJxHuZBHqZrRmBH\nRcQW9PLcT4BVULNQLkpzwpE0EwVH688ZNFY+rLu89izsZDNPj+yIFVlgOrJYaVNv\nnhTe8iL1hIcs8lxuz/7GmtqYmloD6vvErIeWvjMuI9t85eFEbalm7XzuR0+nMWMZ\n6Oe6nQecq2nCu/VBa1y9P0WABtOIgL38ZMZMnNNKgsKPorkRzNNN/A23iTMaK56c\n65v3V5B2yffDuK9QuUCQTPTo5UX7lGGyiynKDPGOd559P8JjcxGBYXIrID5Z4zWS\n12E2B7waOauWUsXxC4BlMbvxa5jgoE6oy/KcOIBeMe22QUVfdahxBFk+fJnKvAea\nawYuNq3GFG1a+LzBth4qi2vlkJxJTqsOgSTzd2SyuOswC2QSIa9K5YMjPqsjUnHl\nBAM+Z50z2Il0wCSyojxXT2aflnMSMSRLnLuy+0sNZTxBhyvWzT3hnRmRTT4o2tGj\n9J3vV91z7IdylM9b2HBgJIMnSryNmqasb3hLICHFto4vY1nb7QKCAQEA0gidmrPa\n5TkJgd7sC5QqKecPFLKEfctu3QzCtqj8fJ6fog3TAlygenK0rZqZ73rbca/KtzFY\n4/fHsuvAOmGOd5HYH9E3VquKb10LyR4S95jCjwJZqkx+ynug16vITbojodIbZ39P\nPjaBXIVTlnA2Bh4/pbHhnLPxFm+yQBeWlDtQfpheKIzOAVp2DcJvCAR0Tix9/XlU\n1TsTsVMLKG+ERKZ8gSiNoKnLq51m+bVsfpZ6yN+TxtdHn4EhGkdI5VCd2RFWAA9Q\niMjrHVqkqtP56ZiPqs6tOYG2eg61aygzffdAhHbg/T6fUIphot0tRlPVat8q0QGw\naRs+J/LjzFUxnwKCAQEA6n93OZ0zPB/SJaeHyo7m8hwjRDI0+tcyxwbuFHnCrLnl\nqqc5alATiqswd0Z8/rE/eUY7C3oSuw3tzB2Pkovplb5mzczM3ICFB1u15G2WeRBa\na2VQs9KtJS28WsyHWmXFyqVk3+OIXA4L2uMQAMT1WPe071q5pV+rOTThNGuB7Xjm\nJrFtNDmWe+c4cuLBMsu1PiQdNt93UHn8nVxeGwHbtFOb+50vHIcWcvIBkla9Uqru\nVh19L7idCQBHKzcwYnC6rsxUTrHX7vlAd5ugkuXApOVAZtz+7SqS4/Fxn1hH6S9y\nv6r/zINVGW5dqjerUBsfQunWo6YgoaJirozE83Xm/wKCAQBd1w2bjhoR6i7uQIxU\nDAnemOarB6ucjKTmzIm+lLficfi+rdCGMJ5etxs0qWt3jPu4yqMWwEyH5i/qJ9zF\n+Mpvb9ERPiesaI48fWUDoZU13KGoxZMMPIs1qpDNa2neGHlNFpO55S6hjDa2ALe8\n8jug9ijXvicgHWFs9dC9RAy6A9pOBYOkOGzeO+2c7i8vdNYGC2jrNCeL8Y413vWQ\nRmrhRUVBa74Dd3mRHo1gqgdkc5U+ZG4hHBRbFpWUqR7Pnfo4fr9e3XjM9H/fqJ0D\n2hvBm7EszpSkqei+lg3GZ7rB4BOKW5bgbvc9Q+alno5Y6qHi0vzNTyTjgRF/Rc0z\ngSjfAoIBADCRshoGy0Pau2X9KwzzSDZBSbSoSXzi8atzbgBjr8SixETyWdwBNer0\nxhcOTHlcMO9ncndQE20W13f9b21E+V6Ajz50+sF5BRSfFC952z67+l5gH7T/H8mh\njW+pCSfaCHuOgjQ1Jlsata3idcATC1YgCCPDQMxV4lr47uQymDidX94HxbyZaOfE\n3lY9TRK+So3SYRKqekX63i2hogQqAF17K8WTqtxXxniMU3MB8DidGrxPY0xtCmmA\n2zzCM41QF/p4a8XY5AalLYsYesuyNpJwwUQM5egtdzsrGQON/2b24ud7/XtYgFnC\nGDhXS25OD82GLWS71epkfdf1ZB2g//UCggEAHKHTGpyCuPZHTm8DGv2+zZJKEOpU\ns7eE4GRac7qXR6TC4RT/q75pQFSElOTh7zBRmom5zOMlNCpb9/surljX8HONrQGI\nWDEVUDgUZ70ZKG74oGPqNDU7hZJZv8zJpJDYGlux+Lsbdl1UmmjH9T1QZ7/DtDcd\nukmbllGZ5bg5vHU/utAHjXFpRCboCi1UDZapw9F2GQh2smaCE8sVBjRzogcIJrHW\nfoXXLFW6yFPiFQKbbzViaMw1+rPoFfIONOqmW9wVek1sKIRsN+Dv2mLgErrTBIKN\noqzdHvkoq8TwOOMpvjlGcW0e+6nyfBDEs32wZcfFHH761cO5dzHle/HN0w==\n-----END RSA PRIVATE KEY-----\n",
                            "public_key_fingerprint_md5": "bb:8c:3b:53:c9:82:3d:ea:97:1a:82:ee:f2:4f:41:d6",
                            "public_key_openssh": "ssh-rsa AAAAB3NzaC1yc2EAAAADAQABAAACAQDAZHQm3kyh3gzLW11HFtTm3D4aNn7i5wU75iKpMfxPu6IWoq9c9kowP0OSe/Ul8Cr9/R8bG+wUSgXjQV8uhdoypoY9F12vy5f0PZJSHR2/P/DVxs7viwSxLPA0PktczC8rQbQ58FDSfTeKC0nturyXTu4BQ9mnTY9En+S8XaIzHO61R9Zl0E2i+Ow5pGycbKvfwo0wKl47affl52VTLBIWfwvw1KZNuFyDIdeWukio0UsFCHaeeWcbd3CI3GKqBev5+ethzjFdE+JebjQ7zxWG7IKJcFA2FePhzjId5DAfEhw5RfKoqeRVigTlVcuEbvNbYQKw1MAz8Hvd+ptuuguVhCzJiNTYMp3+hGpAlT35kg6sStc9NSU2VpQ5YOCcZnrRi2DPKcsm3C5X+MSWN0Jx0rQ95WfOlv9+qf0h9cqY6u+1LC54mg8HIYUrKhTOR6nuGf7ahnK0yMnvu0FZL+qz+kC3JN9I1o7ha4c82siffAkoduST1z4R6g6gBOViIHMbIVS7mMJMmEN6bGTmpkbSJiw0w6Oojf/0T6fORIu/99tKo+lRuLrHxPL6Wyy7gehV5GcW+d9UIGiYxuuxK3OY82hyrhTefZZHHW79CLhFeTZtmzn1FWIxMIrOHhTr6YMSSwfv4ftL2HXSg4Evgs2VjzDSzv0Q7narg81CrhxHYQ==\n",
                            "public_key_pem": "-----BEGIN PUBLIC KEY-----\nMIICIjANBgkqhkiG9w0BAQEFAAOCAg8AMIICCgKCAgEAwGR0Jt5Mod4My1tdRxbU\n5tw+GjZ+4ucFO+YiqTH8T7uiFqKvXPZKMD9Dknv1JfAq/f0fGxvsFEoF40FfLoXa\nMqaGPRddr8uX9D2SUh0dvz/w1cbO74sEsSzwND5LXMwvK0G0OfBQ0n03igtJ7bq8\nl07uAUPZp02PRJ/kvF2iMxzutUfWZdBNovjsOaRsnGyr38KNMCpeO2n35edlUywS\nFn8L8NSmTbhcgyHXlrpIqNFLBQh2nnlnG3dwiNxiqgXr+fnrYc4xXRPiXm40O88V\nhuyCiXBQNhXj4c4yHeQwHxIcOUXyqKnkVYoE5VXLhG7zW2ECsNTAM/B73fqbbroL\nlYQsyYjU2DKd/oRqQJU9+ZIOrErXPTUlNlaUOWDgnGZ60YtgzynLJtwuV/jEljdC\ncdK0PeVnzpb/fqn9IfXKmOrvtSwueJoPByGFKyoUzkep7hn+2oZytMjJ77tBWS/q\ns/pAtyTfSNaO4WuHPNrIn3wJKHbkk9c+EeoOoATlYiBzGyFUu5jCTJhDemxk5qZG\n0iYsNMOjqI3/9E+nzkSLv/fbSqPpUbi6x8Ty+lssu4HoVeRnFvnfVCBomMbrsStz\nmPNocq4U3n2WRx1u/Qi4RXk2bZs59RViMTCKzh4U6+mDEksH7+H7S9h10oOBL4LN\nlY8w0s79EO52q4PNQq4cR2ECAwEAAQ==\n-----END PUBLIC KEY-----\n",
                            "rsa_bits": "4096"
                        },
                        "meta": {},
                        "tainted": false
                    },
                    "deposed": [],
                    "provider": "provider.tls"
                }
            },
            "depends_on": []
        }
    ]
}
